
Microsoft Visual Studio Solution File, Format Version 12.00
# Visual Studio 15
VisualStudioVersion = 15.0.28307.1231
MinimumVisualStudioVersion = 10.0.40219.1
Project("{00D1A9C2-B5F0-4AF3-8072-F6C62B433612}") = "MSSQLDB.REALESTATEDB", "MSSQLDB.REALESTATEDB.sqlproj", "{74BE3EE6-222B-4B3B-A987-63EDD0D3CCF1}"
EndProject
Global
	GlobalSection(SolutionConfigurationPlatforms) = preSolution
		Debug|Any CPU = Debug|Any CPU
		Release|Any CPU = Release|Any CPU
	EndGlobalSection
	GlobalSection(ProjectConfigurationPlatforms) = postSolution
		{74BE3EE6-222B-4B3B-A987-63EDD0D3CCF1}.Debug|Any CPU.ActiveCfg = Debug|Any CPU
		{74BE3EE6-222B-4B3B-A987-63EDD0D3CCF1}.Debug|Any CPU.Build.0 = Debug|Any CPU
		{74BE3EE6-222B-4B3B-A987-63EDD0D3CCF1}.Debug|Any CPU.Deploy.0 = Debug|Any CPU
		{74BE3EE6-222B-4B3B-A987-63EDD0D3CCF1}.Release|Any CPU.ActiveCfg = Release|Any CPU
		{74BE3EE6-222B-4B3B-A987-63EDD0D3CCF1}.Release|Any CPU.Build.0 = Release|Any CPU
		{74BE3EE6-222B-4B3B-A987-63EDD0D3CCF1}.Release|Any CPU.Deploy.0 = Release|Any CPU
	EndGlobalSection
	GlobalSection(SolutionProperties) = preSolution
		HideSolutionNode = FALSE
	EndGlobalSection
	GlobalSection(ExtensibilityGlobals) = postSolution
		SolutionGuid = {850BA262-717B-43E8-A0A9-1368738E17AF}
	EndGlobalSection
EndGlobal
